
Microsoft Visual Studio Solution File, Format Version 12.00
# Visual Studio Version 16
VisualStudioVersion = 16.0.31829.152
MinimumVisualStudioVersion = 10.0.40219.1
Project("{9A19103F-16F7-4668-BE54-9A1E7A4F7556}") = "do-2", "do-2\do-2.csproj", "{929A8EAE-0BF6-403F-924E-171796CA3C5A}"
EndProject
Project("{9A19103F-16F7-4668-BE54-9A1E7A4F7556}") = "do-3", "do-3\do-3.csproj", "{90983979-C50A-4970-8062-D7C929801783}"
EndProject
Project("{9A19103F-16F7-4668-BE54-9A1E7A4F7556}") = "do-1", "do-1\do-1.csproj", "{65AB341A-4904-4150-B9A9-3E4F822E8375}"
EndProject
Project("{9A19103F-16F7-4668-BE54-9A1E7A4F7556}") = "do-4", "do-4\do-4.csproj", "{2FA0A3A1-0A56-4CFB-AF7C-D7CB1438D030}"
EndProject
Project("{FAE04EC0-301F-11D3-BF4B-00C04F79EFBC}") = "do-5", "do-5\do-5.csproj", "{62FF5818-7580-4E9F-A290-08689002763E}"
EndProject
Project("{FAE04EC0-301F-11D3-BF4B-00C04F79EFBC}") = "do-6", "do-6\do-6.csproj", "{AF52496E-B6AD-4DFF-9DD3-94662621261F}"
EndProject
Project("{FAE04EC0-301F-11D3-BF4B-00C04F79EFBC}") = "do-9", "do-7\do-9.csproj", "{879F8DFC-7F75-4BFF-B114-66C3CFA54738}"
EndProject
Project("{FAE04EC0-301F-11D3-BF4B-00C04F79EFBC}") = "do-11", "do-11\do-11.csproj", "{81CECC08-2D71-4775-B43C-94DE6184763E}"
EndProject
Global
	GlobalSection(SolutionConfigurationPlatforms) = preSolution
		Debug|Any CPU = Debug|Any CPU
		Release|Any CPU = Release|Any CPU
	EndGlobalSection
	GlobalSection(ProjectConfigurationPlatforms) = postSolution
		{929A8EAE-0BF6-403F-924E-171796CA3C5A}.Debug|Any CPU.ActiveCfg = Debug|Any CPU
		{929A8EAE-0BF6-403F-924E-171796CA3C5A}.Debug|Any CPU.Build.0 = Debug|Any CPU
		{929A8EAE-0BF6-403F-924E-171796CA3C5A}.Release|Any CPU.ActiveCfg = Release|Any CPU
		{929A8EAE-0BF6-403F-924E-171796CA3C5A}.Release|Any CPU.Build.0 = Release|Any CPU
		{90983979-C50A-4970-8062-D7C929801783}.Debug|Any CPU.ActiveCfg = Debug|Any CPU
		{90983979-C50A-4970-8062-D7C929801783}.Debug|Any CPU.Build.0 = Debug|Any CPU
		{90983979-C50A-4970-8062-D7C929801783}.Release|Any CPU.ActiveCfg = Release|Any CPU
		{90983979-C50A-4970-8062-D7C929801783}.Release|Any CPU.Build.0 = Release|Any CPU
		{65AB341A-4904-4150-B9A9-3E4F822E8375}.Debug|Any CPU.ActiveCfg = Debug|Any CPU
		{65AB341A-4904-4150-B9A9-3E4F822E8375}.Debug|Any CPU.Build.0 = Debug|Any CPU
		{65AB341A-4904-4150-B9A9-3E4F822E8375}.Release|Any CPU.ActiveCfg = Release|Any CPU
		{65AB341A-4904-4150-B9A9-3E4F822E8375}.Release|Any CPU.Build.0 = Release|Any CPU
		{2FA0A3A1-0A56-4CFB-AF7C-D7CB1438D030}.Debug|Any CPU.ActiveCfg = Debug|Any CPU
		{2FA0A3A1-0A56-4CFB-AF7C-D7CB1438D030}.Debug|Any CPU.Build.0 = Debug|Any CPU
		{2FA0A3A1-0A56-4CFB-AF7C-D7CB1438D030}.Release|Any CPU.ActiveCfg = Release|Any CPU
		{2FA0A3A1-0A56-4CFB-AF7C-D7CB1438D030}.Release|Any CPU.Build.0 = Release|Any CPU
		{62FF5818-7580-4E9F-A290-08689002763E}.Debug|Any CPU.ActiveCfg = Debug|Any CPU
		{62FF5818-7580-4E9F-A290-08689002763E}.Debug|Any CPU.Build.0 = Debug|Any CPU
		{62FF5818-7580-4E9F-A290-08689002763E}.Release|Any CPU.ActiveCfg = Release|Any CPU
		{62FF5818-7580-4E9F-A290-08689002763E}.Release|Any CPU.Build.0 = Release|Any CPU
		{AF52496E-B6AD-4DFF-9DD3-94662621261F}.Debug|Any CPU.ActiveCfg = Debug|Any CPU
		{AF52496E-B6AD-4DFF-9DD3-94662621261F}.Debug|Any CPU.Build.0 = Debug|Any CPU
		{AF52496E-B6AD-4DFF-9DD3-94662621261F}.Release|Any CPU.ActiveCfg = Release|Any CPU
		{AF52496E-B6AD-4DFF-9DD3-94662621261F}.Release|Any CPU.Build.0 = Release|Any CPU
		{879F8DFC-7F75-4BFF-B114-66C3CFA54738}.Debug|Any CPU.ActiveCfg = Debug|Any CPU
		{879F8DFC-7F75-4BFF-B114-66C3CFA54738}.Debug|Any CPU.Build.0 = Debug|Any CPU
		{879F8DFC-7F75-4BFF-B114-66C3CFA54738}.Release|Any CPU.ActiveCfg = Release|Any CPU
		{879F8DFC-7F75-4BFF-B114-66C3CFA54738}.Release|Any CPU.Build.0 = Release|Any CPU
		{81CECC08-2D71-4775-B43C-94DE6184763E}.Debug|Any CPU.ActiveCfg = Debug|Any CPU
		{81CECC08-2D71-4775-B43C-94DE6184763E}.Debug|Any CPU.Build.0 = Debug|Any CPU
		{81CECC08-2D71-4775-B43C-94DE6184763E}.Release|Any CPU.ActiveCfg = Release|Any CPU
		{81CECC08-2D71-4775-B43C-94DE6184763E}.Release|Any CPU.Build.0 = Release|Any CPU
	EndGlobalSection
	GlobalSection(SolutionProperties) = preSolution
		HideSolutionNode = FALSE
	EndGlobalSection
	GlobalSection(ExtensibilityGlobals) = postSolution
		SolutionGuid = {37D2CFA7-1EC8-4428-B709-E232E474EEAD}
	EndGlobalSection
EndGlobal
