
Microsoft Visual Studio Solution File, Format Version 12.00
# Visual Studio Version 16
VisualStudioVersion = 16.0.31829.152
MinimumVisualStudioVersion = 10.0.40219.1
Project("{9A19103F-16F7-4668-BE54-9A1E7A4F7556}") = "do-2", "do-2\do-2.csproj", "{929A8EAE-0BF6-403F-924E-171796CA3C5A}"
EndProject
Project("{FAE04EC0-301F-11D3-BF4B-00C04F79EFBC}") = "do-3", "do-3\do-3.csproj", "{90983979-C50A-4970-8062-D7C929801783}"
EndProject
Project("{FAE04EC0-301F-11D3-BF4B-00C04F79EFBC}") = "do-1", "do-1\do-1.csproj", "{65AB341A-4904-4150-B9A9-3E4F822E8375}"
EndProject
Project("{FAE04EC0-301F-11D3-BF4B-00C04F79EFBC}") = "do-4", "do-4\do-4.csproj", "{2FA0A3A1-0A56-4CFB-AF7C-D7CB1438D030}"
EndProject
Global
	GlobalSection(SolutionConfigurationPlatforms) = preSolution
		Debug|Any CPU = Debug|Any CPU
		Release|Any CPU = Release|Any CPU
	EndGlobalSection
	GlobalSection(ProjectConfigurationPlatforms) = postSolution
		{929A8EAE-0BF6-403F-924E-171796CA3C5A}.Debug|Any CPU.ActiveCfg = Debug|Any CPU
		{929A8EAE-0BF6-403F-924E-171796CA3C5A}.Debug|Any CPU.Build.0 = Debug|Any CPU
		{929A8EAE-0BF6-403F-924E-171796CA3C5A}.Release|Any CPU.ActiveCfg = Release|Any CPU
		{929A8EAE-0BF6-403F-924E-171796CA3C5A}.Release|Any CPU.Build.0 = Release|Any CPU
		{90983979-C50A-4970-8062-D7C929801783}.Debug|Any CPU.ActiveCfg = Debug|Any CPU
		{90983979-C50A-4970-8062-D7C929801783}.Debug|Any CPU.Build.0 = Debug|Any CPU
		{90983979-C50A-4970-8062-D7C929801783}.Release|Any CPU.ActiveCfg = Release|Any CPU
		{90983979-C50A-4970-8062-D7C929801783}.Release|Any CPU.Build.0 = Release|Any CPU
		{65AB341A-4904-4150-B9A9-3E4F822E8375}.Debug|Any CPU.ActiveCfg = Debug|Any CPU
		{65AB341A-4904-4150-B9A9-3E4F822E8375}.Debug|Any CPU.Build.0 = Debug|Any CPU
		{65AB341A-4904-4150-B9A9-3E4F822E8375}.Release|Any CPU.ActiveCfg = Release|Any CPU
		{65AB341A-4904-4150-B9A9-3E4F822E8375}.Release|Any CPU.Build.0 = Release|Any CPU
		{2FA0A3A1-0A56-4CFB-AF7C-D7CB1438D030}.Debug|Any CPU.ActiveCfg = Debug|Any CPU
		{2FA0A3A1-0A56-4CFB-AF7C-D7CB1438D030}.Debug|Any CPU.Build.0 = Debug|Any CPU
		{2FA0A3A1-0A56-4CFB-AF7C-D7CB1438D030}.Release|Any CPU.ActiveCfg = Release|Any CPU
		{2FA0A3A1-0A56-4CFB-AF7C-D7CB1438D030}.Release|Any CPU.Build.0 = Release|Any CPU
	EndGlobalSection
	GlobalSection(SolutionProperties) = preSolution
		HideSolutionNode = FALSE
	EndGlobalSection
	GlobalSection(ExtensibilityGlobals) = postSolution
		SolutionGuid = {37D2CFA7-1EC8-4428-B709-E232E474EEAD}
	EndGlobalSection
EndGlobal
